
Microsoft Visual Studio Solution File, Format Version 12.00
# Visual Studio Version 17
VisualStudioVersion = 17.6.33723.286
MinimumVisualStudioVersion = 10.0.40219.1
Project("{FAE04EC0-301F-11D3-BF4B-00C04F79EFBC}") = "eTickets", "eTickets\eTickets.csproj", "{2AEF8BA7-AFDF-40A8-9F63-63399B2D5D7F}"
EndProject
Global
	GlobalSection(SolutionConfigurationPlatforms) = preSolution
		Debug|Any CPU = Debug|Any CPU
		Release|Any CPU = Release|Any CPU
	EndGlobalSection
	GlobalSection(ProjectConfigurationPlatforms) = postSolution
		{2AEF8BA7-AFDF-40A8-9F63-63399B2D5D7F}.Debug|Any CPU.ActiveCfg = Debug|Any CPU
		{2AEF8BA7-AFDF-40A8-9F63-63399B2D5D7F}.Debug|Any CPU.Build.0 = Debug|Any CPU
		{2AEF8BA7-AFDF-40A8-9F63-63399B2D5D7F}.Release|Any CPU.ActiveCfg = Release|Any CPU
		{2AEF8BA7-AFDF-40A8-9F63-63399B2D5D7F}.Release|Any CPU.Build.0 = Release|Any CPU
	EndGlobalSection
	GlobalSection(SolutionProperties) = preSolution
		HideSolutionNode = FALSE
	EndGlobalSection
	GlobalSection(ExtensibilityGlobals) = postSolution
		SolutionGuid = {9BC1D98B-A245-440D-9022-6EF5A44075FD}
	EndGlobalSection
EndGlobal
